// !$*UTF8*$!
{
	archiveVersion = 1;
	classes = {
	};
	objectVersion = 46;
	objects = {

/* Begin PBXBuildFile section */
		550CDE6B1D5B6821002EAADA /* CATChildHorizontalCollectionViewController.m in Sources */ = {isa = PBXBuildFile; fileRef = 550CDE6A1D5B6821002EAADA /* CATChildHorizontalCollectionViewController.m */; };
		554C8B101D50319D007187C1 /* CATCustomTableViewController.m in Sources */ = {isa = PBXBuildFile; fileRef = 554C8B0F1D50319D007187C1 /* CATCustomTableViewController.m */; };
		554C8B131D5036E2007187C1 /* CATCustomChildViewController.m in Sources */ = {isa = PBXBuildFile; fileRef = 554C8B121D5036E2007187C1 /* CATCustomChildViewController.m */; };
		6003F58E195388D20070C39A /* Foundation.framework in Frameworks */ = {isa = PBXBuildFile; fileRef = 6003F58D195388D20070C39A /* Foundation.framework */; };
		6003F590195388D20070C39A /* CoreGraphics.framework in Frameworks */ = {isa = PBXBuildFile; fileRef = 6003F58F195388D20070C39A /* CoreGraphics.framework */; };
		6003F592195388D20070C39A /* UIKit.framework in Frameworks */ = {isa = PBXBuildFile; fileRef = 6003F591195388D20070C39A /* UIKit.framework */; };
		6003F598195388D20070C39A /* InfoPlist.strings in Resources */ = {isa = PBXBuildFile; fileRef = 6003F596195388D20070C39A /* InfoPlist.strings */; };
		6003F59A195388D20070C39A /* main.m in Sources */ = {isa = PBXBuildFile; fileRef = 6003F599195388D20070C39A /* main.m */; };
		6003F59E195388D20070C39A /* CATAppDelegate.m in Sources */ = {isa = PBXBuildFile; fileRef = 6003F59D195388D20070C39A /* CATAppDelegate.m */; };
		6003F5A7195388D20070C39A /* CATViewController.m in Sources */ = {isa = PBXBuildFile; fileRef = 6003F5A6195388D20070C39A /* CATViewController.m */; };
		6003F5A9195388D20070C39A /* Images.xcassets in Resources */ = {isa = PBXBuildFile; fileRef = 6003F5A8195388D20070C39A /* Images.xcassets */; };
		6003F5B0195388D20070C39A /* XCTest.framework in Frameworks */ = {isa = PBXBuildFile; fileRef = 6003F5AF195388D20070C39A /* XCTest.framework */; };
		6003F5B1195388D20070C39A /* Foundation.framework in Frameworks */ = {isa = PBXBuildFile; fileRef = 6003F58D195388D20070C39A /* Foundation.framework */; };
		6003F5B2195388D20070C39A /* UIKit.framework in Frameworks */ = {isa = PBXBuildFile; fileRef = 6003F591195388D20070C39A /* UIKit.framework */; };
		6003F5BA195388D20070C39A /* InfoPlist.strings in Resources */ = {isa = PBXBuildFile; fileRef = 6003F5B8195388D20070C39A /* InfoPlist.strings */; };
		6003F5BC195388D20070C39A /* Tests.m in Sources */ = {isa = PBXBuildFile; fileRef = 6003F5BB195388D20070C39A /* Tests.m */; };
		8574001F4F0F88D7791E4EB1 /* libPods-CATNavigationController_Tests.a in Frameworks */ = {isa = PBXBuildFile; fileRef = 13D95567263F61B08C266CC3 /* libPods-CATNavigationController_Tests.a */; };
		873B8AEB1B1F5CCA007FD442 /* Main.storyboard in Resources */ = {isa = PBXBuildFile; fileRef = 873B8AEA1B1F5CCA007FD442 /* Main.storyboard */; };
		A38DA841D9F90E4B6CD34DE7 /* libPods-CATNavigationController_Example.a in Frameworks */ = {isa = PBXBuildFile; fileRef = 098B59F74FDEB446DD1390EF /* libPods-CATNavigationController_Example.a */; };
		BDA046761D1269B9000F3B61 /* CATDogChildViewController.m in Sources */ = {isa = PBXBuildFile; fileRef = BDA046751D1269B9000F3B61 /* CATDogChildViewController.m */; };
		BDA046791D127594000F3B61 /* CATChildViewController.m in Sources */ = {isa = PBXBuildFile; fileRef = BDA046781D127594000F3B61 /* CATChildViewController.m */; };
		BDA0467B1D127701000F3B61 /* LaunchScreen.storyboard in Resources */ = {isa = PBXBuildFile; fileRef = BDA0467A1D127701000F3B61 /* LaunchScreen.storyboard */; };
		BDA97D581D11462C00CA862A /* CATDogTabViewController.m in Sources */ = {isa = PBXBuildFile; fileRef = BDA97D571D11462C00CA862A /* CATDogTabViewController.m */; };
		BDA97D5B1D11480000CA862A /* CATCatTableViewController.m in Sources */ = {isa = PBXBuildFile; fileRef = BDA97D5A1D11480000CA862A /* CATCatTableViewController.m */; };
		BDD321731D50714C00275478 /* CATChildTableViewController.m in Sources */ = {isa = PBXBuildFile; fileRef = BDD321721D50714C00275478 /* CATChildTableViewController.m */; };
		BDD321761D507E2F00275478 /* CATChildCollectionViewController.m in Sources */ = {isa = PBXBuildFile; fileRef = BDD321751D507E2F00275478 /* CATChildCollectionViewController.m */; };
		BDD321791D50876000275478 /* CATChildWebViewController.m in Sources */ = {isa = PBXBuildFile; fileRef = BDD321781D50876000275478 /* CATChildWebViewController.m */; };
/* End PBXBuildFile section */

/* Begin PBXContainerItemProxy section */
		6003F5B3195388D20070C39A /* PBXContainerItemProxy */ = {
			isa = PBXContainerItemProxy;
			containerPortal = 6003F582195388D10070C39A /* Project object */;
			proxyType = 1;
			remoteGlobalIDString = 6003F589195388D20070C39A;
			remoteInfo = CATNavigationController;
		};
/* End PBXContainerItemProxy section */

/* Begin PBXFileReference section */
		098B59F74FDEB446DD1390EF /* libPods-CATNavigationController_Example.a */ = {isa = PBXFileReference; explicitFileType = archive.ar; includeInIndex = 0; path = "libPods-CATNavigationController_Example.a"; sourceTree = BUILT_PRODUCTS_DIR; };
		13D95567263F61B08C266CC3 /* libPods-CATNavigationController_Tests.a */ = {isa = PBXFileReference; explicitFileType = archive.ar; includeInIndex = 0; path = "libPods-CATNavigationController_Tests.a"; sourceTree = BUILT_PRODUCTS_DIR; };
		18EDF8E6EDDBB38B8D1F16CB /* CATNavigationController.podspec */ = {isa = PBXFileReference; includeInIndex = 1; lastKnownFileType = text; name = CATNavigationController.podspec; path = ../CATNavigationController.podspec; sourceTree = "<group>"; };
		550CDE691D5B6821002EAADA /* CATChildHorizontalCollectionViewController.h */ = {isa = PBXFileReference; fileEncoding = 4; lastKnownFileType = sourcecode.c.h; path = CATChildHorizontalCollectionViewController.h; sourceTree = "<group>"; };
		550CDE6A1D5B6821002EAADA /* CATChildHorizontalCollectionViewController.m */ = {isa = PBXFileReference; fileEncoding = 4; lastKnownFileType = sourcecode.c.objc; path = CATChildHorizontalCollectionViewController.m; sourceTree = "<group>"; };
		554C8B0E1D50319D007187C1 /* CATCustomTableViewController.h */ = {isa = PBXFileReference; fileEncoding = 4; lastKnownFileType = sourcecode.c.h; path = CATCustomTableViewController.h; sourceTree = "<group>"; };
		554C8B0F1D50319D007187C1 /* CATCustomTableViewController.m */ = {isa = PBXFileReference; fileEncoding = 4; lastKnownFileType = sourcecode.c.objc; path = CATCustomTableViewController.m; sourceTree = "<group>"; };
		554C8B111D5036E2007187C1 /* CATCustomChildViewController.h */ = {isa = PBXFileReference; fileEncoding = 4; lastKnownFileType = sourcecode.c.h; path = CATCustomChildViewController.h; sourceTree = "<group>"; };
		554C8B121D5036E2007187C1 /* CATCustomChildViewController.m */ = {isa = PBXFileReference; fileEncoding = 4; lastKnownFileType = sourcecode.c.objc; path = CATCustomChildViewController.m; sourceTree = "<group>"; };
		6003F58A195388D20070C39A /* CATNavigationController_Example.app */ = {isa = PBXFileReference; explicitFileType = wrapper.application; includeInIndex = 0; path = CATNavigationController_Example.app; sourceTree = BUILT_PRODUCTS_DIR; };
		6003F58D195388D20070C39A /* Foundation.framework */ = {isa = PBXFileReference; lastKnownFileType = wrapper.framework; name = Foundation.framework; path = System/Library/Frameworks/Foundation.framework; sourceTree = SDKROOT; };
		6003F58F195388D20070C39A /* CoreGraphics.framework */ = {isa = PBXFileReference; lastKnownFileType = wrapper.framework; name = CoreGraphics.framework; path = System/Library/Frameworks/CoreGraphics.framework; sourceTree = SDKROOT; };
		6003F591195388D20070C39A /* UIKit.framework */ = {isa = PBXFileReference; lastKnownFileType = wrapper.framework; name = UIKit.framework; path = System/Library/Frameworks/UIKit.framework; sourceTree = SDKROOT; };
		6003F595195388D20070C39A /* CATNavigationController-Info.plist */ = {isa = PBXFileReference; lastKnownFileType = text.plist.xml; path = "CATNavigationController-Info.plist"; sourceTree = "<group>"; };
		6003F597195388D20070C39A /* en */ = {isa = PBXFileReference; lastKnownFileType = text.plist.strings; name = en; path = en.lproj/InfoPlist.strings; sourceTree = "<group>"; };
		6003F599195388D20070C39A /* main.m */ = {isa = PBXFileReference; lastKnownFileType = sourcecode.c.objc; path = main.m; sourceTree = "<group>"; };
		6003F59B195388D20070C39A /* CATNavigationController-Prefix.pch */ = {isa = PBXFileReference; lastKnownFileType = sourcecode.c.h; path = "CATNavigationController-Prefix.pch"; sourceTree = "<group>"; };
		6003F59C195388D20070C39A /* CATAppDelegate.h */ = {isa = PBXFileReference; lastKnownFileType = sourcecode.c.h; path = CATAppDelegate.h; sourceTree = "<group>"; };
		6003F59D195388D20070C39A /* CATAppDelegate.m */ = {isa = PBXFileReference; lastKnownFileType = sourcecode.c.objc; path = CATAppDelegate.m; sourceTree = "<group>"; };
		6003F5A5195388D20070C39A /* CATViewController.h */ = {isa = PBXFileReference; lastKnownFileType = sourcecode.c.h; path = CATViewController.h; sourceTree = "<group>"; };
		6003F5A6195388D20070C39A /* CATViewController.m */ = {isa = PBXFileReference; lastKnownFileType = sourcecode.c.objc; path = CATViewController.m; sourceTree = "<group>"; };
		6003F5A8195388D20070C39A /* Images.xcassets */ = {isa = PBXFileReference; lastKnownFileType = folder.assetcatalog; path = Images.xcassets; sourceTree = "<group>"; };
		6003F5AE195388D20070C39A /* CATNavigationController_Tests.xctest */ = {isa = PBXFileReference; explicitFileType = wrapper.cfbundle; includeInIndex = 0; path = CATNavigationController_Tests.xctest; sourceTree = BUILT_PRODUCTS_DIR; };
		6003F5AF195388D20070C39A /* XCTest.framework */ = {isa = PBXFileReference; lastKnownFileType = wrapper.framework; name = XCTest.framework; path = Library/Frameworks/XCTest.framework; sourceTree = DEVELOPER_DIR; };
		6003F5B7195388D20070C39A /* Tests-Info.plist */ = {isa = PBXFileReference; lastKnownFileType = text.plist.xml; path = "Tests-Info.plist"; sourceTree = "<group>"; };
		6003F5B9195388D20070C39A /* en */ = {isa = PBXFileReference; lastKnownFileType = text.plist.strings; name = en; path = en.lproj/InfoPlist.strings; sourceTree = "<group>"; };
		6003F5BB195388D20070C39A /* Tests.m */ = {isa = PBXFileReference; lastKnownFileType = sourcecode.c.objc; path = Tests.m; sourceTree = "<group>"; };
		606FC2411953D9B200FFA9A0 /* Tests-Prefix.pch */ = {isa = PBXFileReference; lastKnownFileType = sourcecode.c.h; path = "Tests-Prefix.pch"; sourceTree = "<group>"; };
		873B8AEA1B1F5CCA007FD442 /* Main.storyboard */ = {isa = PBXFileReference; fileEncoding = 4; lastKnownFileType = file.storyboard; path = Main.storyboard; sourceTree = "<group>"; };
		969EAFFB920A98ED11B7153F /* Pods-CATNavigationController_Example.release.xcconfig */ = {isa = PBXFileReference; includeInIndex = 1; lastKnownFileType = text.xcconfig; name = "Pods-CATNavigationController_Example.release.xcconfig"; path = "Pods/Target Support Files/Pods-CATNavigationController_Example/Pods-CATNavigationController_Example.release.xcconfig"; sourceTree = "<group>"; };
		A4EA8F093C61DA2834738AF4 /* Pods-CATNavigationController_Example.debug.xcconfig */ = {isa = PBXFileReference; includeInIndex = 1; lastKnownFileType = text.xcconfig; name = "Pods-CATNavigationController_Example.debug.xcconfig"; path = "Pods/Target Support Files/Pods-CATNavigationController_Example/Pods-CATNavigationController_Example.debug.xcconfig"; sourceTree = "<group>"; };
		B60FF063B9DA101AF3C64103 /* Pods-CATNavigationController_Tests.release.xcconfig */ = {isa = PBXFileReference; includeInIndex = 1; lastKnownFileType = text.xcconfig; name = "Pods-CATNavigationController_Tests.release.xcconfig"; path = "Pods/Target Support Files/Pods-CATNavigationController_Tests/Pods-CATNavigationController_Tests.release.xcconfig"; sourceTree = "<group>"; };
		BCF3885C7F8D9CEB791CD49A /* README.md */ = {isa = PBXFileReference; includeInIndex = 1; lastKnownFileType = net.daringfireball.markdown; name = README.md; path = ../README.md; sourceTree = "<group>"; };
		BDA046741D1269B9000F3B61 /* CATDogChildViewController.h */ = {isa = PBXFileReference; fileEncoding = 4; lastKnownFileType = sourcecode.c.h; name = CATDogChildViewController.h; path = ../CATDogChildViewController.h; sourceTree = "<group>"; };
		BDA046751D1269B9000F3B61 /* CATDogChildViewController.m */ = {isa = PBXFileReference; fileEncoding = 4; lastKnownFileType = sourcecode.c.objc; name = CATDogChildViewController.m; path = ../CATDogChildViewController.m; sourceTree = "<group>"; };
		BDA046771D127594000F3B61 /* CATChildViewController.h */ = {isa = PBXFileReference; fileEncoding = 4; lastKnownFileType = sourcecode.c.h; path = CATChildViewController.h; sourceTree = "<group>"; };
		BDA046781D127594000F3B61 /* CATChildViewController.m */ = {isa = PBXFileReference; fileEncoding = 4; lastKnownFileType = sourcecode.c.objc; path = CATChildViewController.m; sourceTree = "<group>"; };
		BDA0467A1D127701000F3B61 /* LaunchScreen.storyboard */ = {isa = PBXFileReference; fileEncoding = 4; lastKnownFileType = file.storyboard; path = LaunchScreen.storyboard; sourceTree = "<group>"; };
		BDA97D561D11462C00CA862A /* CATDogTabViewController.h */ = {isa = PBXFileReference; fileEncoding = 4; lastKnownFileType = sourcecode.c.h; path = CATDogTabViewController.h; sourceTree = "<group>"; };
		BDA97D571D11462C00CA862A /* CATDogTabViewController.m */ = {isa = PBXFileReference; fileEncoding = 4; lastKnownFileType = sourcecode.c.objc; path = CATDogTabViewController.m; sourceTree = "<group>"; };
		BDA97D591D11480000CA862A /* CATCatTableViewController.h */ = {isa = PBXFileReference; fileEncoding = 4; lastKnownFileType = sourcecode.c.h; path = CATCatTableViewController.h; sourceTree = "<group>"; };
		BDA97D5A1D11480000CA862A /* CATCatTableViewController.m */ = {isa = PBXFileReference; fileEncoding = 4; lastKnownFileType = sourcecode.c.objc; path = CATCatTableViewController.m; sourceTree = "<group>"; };
		BDD321711D50714C00275478 /* CATChildTableViewController.h */ = {isa = PBXFileReference; fileEncoding = 4; lastKnownFileType = sourcecode.c.h; path = CATChildTableViewController.h; sourceTree = "<group>"; };
		BDD321721D50714C00275478 /* CATChildTableViewController.m */ = {isa = PBXFileReference; fileEncoding = 4; lastKnownFileType = sourcecode.c.objc; path = CATChildTableViewController.m; sourceTree = "<group>"; };
		BDD321741D507E2F00275478 /* CATChildCollectionViewController.h */ = {isa = PBXFileReference; fileEncoding = 4; lastKnownFileType = sourcecode.c.h; path = CATChildCollectionViewController.h; sourceTree = "<group>"; };
		BDD321751D507E2F00275478 /* CATChildCollectionViewController.m */ = {isa = PBXFileReference; fileEncoding = 4; lastKnownFileType = sourcecode.c.objc; path = CATChildCollectionViewController.m; sourceTree = "<group>"; };
		BDD321771D50876000275478 /* CATChildWebViewController.h */ = {isa = PBXFileReference; fileEncoding = 4; lastKnownFileType = sourcecode.c.h; path = CATChildWebViewController.h; sourceTree = "<group>"; };
		BDD321781D50876000275478 /* CATChildWebViewController.m */ = {isa = PBXFileReference; fileEncoding = 4; lastKnownFileType = sourcecode.c.objc; path = CATChildWebViewController.m; sourceTree = "<group>"; };
		CA574D4EF0C3CE4559D4CC3B /* LICENSE */ = {isa = PBXFileReference; includeInIndex = 1; lastKnownFileType = text; name = LICENSE; path = ../LICENSE; sourceTree = "<group>"; };
		D34D1F1822AC109E5E7A461F /* Pods-CATNavigationController_Tests.debug.xcconfig */ = {isa = PBXFileReference; includeInIndex = 1; lastKnownFileType = text.xcconfig; name = "Pods-CATNavigationController_Tests.debug.xcconfig"; path = "Pods/Target Support Files/Pods-CATNavigationController_Tests/Pods-CATNavigationController_Tests.debug.xcconfig"; sourceTree = "<group>"; };
/* End PBXFileReference section */

/* Begin PBXFrameworksBuildPhase section */
		6003F587195388D20070C39A /* Frameworks */ = {
			isa = PBXFrameworksBuildPhase;
			buildActionMask = 2147483647;
			files = (
				6003F590195388D20070C39A /* CoreGraphics.framework in Frameworks */,
				6003F592195388D20070C39A /* UIKit.framework in Frameworks */,
				6003F58E195388D20070C39A /* Foundation.framework in Frameworks */,
				A38DA841D9F90E4B6CD34DE7 /* libPods-CATNavigationController_Example.a in Frameworks */,
			);
			runOnlyForDeploymentPostprocessing = 0;
		};
		6003F5AB195388D20070C39A /* Frameworks */ = {
			isa = PBXFrameworksBuildPhase;
			buildActionMask = 2147483647;
			files = (
				6003F5B0195388D20070C39A /* XCTest.framework in Frameworks */,
				6003F5B2195388D20070C39A /* UIKit.framework in Frameworks */,
				6003F5B1195388D20070C39A /* Foundation.framework in Frameworks */,
				8574001F4F0F88D7791E4EB1 /* libPods-CATNavigationController_Tests.a in Frameworks */,
			);
			runOnlyForDeploymentPostprocessing = 0;
		};
/* End PBXFrameworksBuildPhase section */

/* Begin PBXGroup section */
		6003F581195388D10070C39A = {
			isa = PBXGroup;
			children = (
				60FF7A9C1954A5C5007DD14C /* Podspec Metadata */,
				6003F593195388D20070C39A /* Example for CATNavigationController */,
				6003F5B5195388D20070C39A /* Tests */,
				6003F58C195388D20070C39A /* Frameworks */,
				6003F58B195388D20070C39A /* Products */,
				AF7280DA29037261EDD3D76D /* Pods */,
			);
			sourceTree = "<group>";
		};
		6003F58B195388D20070C39A /* Products */ = {
			isa = PBXGroup;
			children = (
				6003F58A195388D20070C39A /* CATNavigationController_Example.app */,
				6003F5AE195388D20070C39A /* CATNavigationController_Tests.xctest */,
			);
			name = Products;
			sourceTree = "<group>";
		};
		6003F58C195388D20070C39A /* Frameworks */ = {
			isa = PBXGroup;
			children = (
				6003F58D195388D20070C39A /* Foundation.framework */,
				6003F58F195388D20070C39A /* CoreGraphics.framework */,
				6003F591195388D20070C39A /* UIKit.framework */,
				6003F5AF195388D20070C39A /* XCTest.framework */,
				098B59F74FDEB446DD1390EF /* libPods-CATNavigationController_Example.a */,
				13D95567263F61B08C266CC3 /* libPods-CATNavigationController_Tests.a */,
			);
			name = Frameworks;
			sourceTree = "<group>";
		};
		6003F593195388D20070C39A /* Example for CATNavigationController */ = {
			isa = PBXGroup;
			children = (
				6003F59C195388D20070C39A /* CATAppDelegate.h */,
				6003F59D195388D20070C39A /* CATAppDelegate.m */,
				6003F5A5195388D20070C39A /* CATViewController.h */,
				6003F5A6195388D20070C39A /* CATViewController.m */,
				BDA046771D127594000F3B61 /* CATChildViewController.h */,
				BDA046781D127594000F3B61 /* CATChildViewController.m */,
				BDD321711D50714C00275478 /* CATChildTableViewController.h */,
				BDD321721D50714C00275478 /* CATChildTableViewController.m */,
				BDD321741D507E2F00275478 /* CATChildCollectionViewController.h */,
				BDD321751D507E2F00275478 /* CATChildCollectionViewController.m */,
				550CDE691D5B6821002EAADA /* CATChildHorizontalCollectionViewController.h */,
				550CDE6A1D5B6821002EAADA /* CATChildHorizontalCollectionViewController.m */,
				BDD321771D50876000275478 /* CATChildWebViewController.h */,
				BDD321781D50876000275478 /* CATChildWebViewController.m */,
				BDA97D561D11462C00CA862A /* CATDogTabViewController.h */,
				BDA97D571D11462C00CA862A /* CATDogTabViewController.m */,
				BDA046741D1269B9000F3B61 /* CATDogChildViewController.h */,
				BDA046751D1269B9000F3B61 /* CATDogChildViewController.m */,
				BDA97D591D11480000CA862A /* CATCatTableViewController.h */,
				BDA97D5A1D11480000CA862A /* CATCatTableViewController.m */,
				554C8B0E1D50319D007187C1 /* CATCustomTableViewController.h */,
				554C8B0F1D50319D007187C1 /* CATCustomTableViewController.m */,
				554C8B111D5036E2007187C1 /* CATCustomChildViewController.h */,
				554C8B121D5036E2007187C1 /* CATCustomChildViewController.m */,
				873B8AEA1B1F5CCA007FD442 /* Main.storyboard */,
				6003F5A8195388D20070C39A /* Images.xcassets */,
				6003F594195388D20070C39A /* Supporting Files */,
				BDA0467A1D127701000F3B61 /* LaunchScreen.storyboard */,
			);
			name = "Example for CATNavigationController";
			path = CATNavigationController;
			sourceTree = "<group>";
		};
		6003F594195388D20070C39A /* Supporting Files */ = {
			isa = PBXGroup;
			children = (
				6003F595195388D20070C39A /* CATNavigationController-Info.plist */,
				6003F596195388D20070C39A /* InfoPlist.strings */,
				6003F599195388D20070C39A /* main.m */,
				6003F59B195388D20070C39A /* CATNavigationController-Prefix.pch */,
			);
			name = "Supporting Files";
			sourceTree = "<group>";
		};
		6003F5B5195388D20070C39A /* Tests */ = {
			isa = PBXGroup;
			children = (
				6003F5BB195388D20070C39A /* Tests.m */,
				6003F5B6195388D20070C39A /* Supporting Files */,
			);
			path = Tests;
			sourceTree = "<group>";
		};
		6003F5B6195388D20070C39A /* Supporting Files */ = {
			isa = PBXGroup;
			children = (
				6003F5B7195388D20070C39A /* Tests-Info.plist */,
				6003F5B8195388D20070C39A /* InfoPlist.strings */,
				606FC2411953D9B200FFA9A0 /* Tests-Prefix.pch */,
			);
			name = "Supporting Files";
			sourceTree = "<group>";
		};
		60FF7A9C1954A5C5007DD14C /* Podspec Metadata */ = {
			isa = PBXGroup;
			children = (
				18EDF8E6EDDBB38B8D1F16CB /* CATNavigationController.podspec */,
				BCF3885C7F8D9CEB791CD49A /* README.md */,
				CA574D4EF0C3CE4559D4CC3B /* LICENSE */,
			);
			name = "Podspec Metadata";
			sourceTree = "<group>";
		};
		AF7280DA29037261EDD3D76D /* Pods */ = {
			isa = PBXGroup;
			children = (
				A4EA8F093C61DA2834738AF4 /* Pods-CATNavigationController_Example.debug.xcconfig */,
				969EAFFB920A98ED11B7153F /* Pods-CATNavigationController_Example.release.xcconfig */,
				D34D1F1822AC109E5E7A461F /* Pods-CATNavigationController_Tests.debug.xcconfig */,
				B60FF063B9DA101AF3C64103 /* Pods-CATNavigationController_Tests.release.xcconfig */,
			);
			name = Pods;
			sourceTree = "<group>";
		};
/* End PBXGroup section */

/* Begin PBXNativeTarget section */
		6003F589195388D20070C39A /* CATNavigationController_Example */ = {
			isa = PBXNativeTarget;
			buildConfigurationList = 6003F5BF195388D20070C39A /* Build configuration list for PBXNativeTarget "CATNavigationController_Example" */;
			buildPhases = (
				7ADA571C8521DCC04BDD5A0B /* [CP] Check Pods Manifest.lock */,
				E9765722566F2A76D82D8631 /* [CP] Check Pods Manifest.lock */,
				6003F586195388D20070C39A /* Sources */,
				6003F587195388D20070C39A /* Frameworks */,
				6003F588195388D20070C39A /* Resources */,
				0BE2C678112E20D246405173 /* [CP] Embed Pods Frameworks */,
				FF74533D08B5C291B4146806 /* [CP] Copy Pods Resources */,
				DFBEDEB3A099F42C9F9337B4 /* 📦 Embed Pods Frameworks */,
				452EA594E3EC0FCE1F179141 /* 📦 Copy Pods Resources */,
			);
			buildRules = (
			);
			dependencies = (
			);
			name = CATNavigationController_Example;
			productName = CATNavigationController;
			productReference = 6003F58A195388D20070C39A /* CATNavigationController_Example.app */;
			productType = "com.apple.product-type.application";
		};
		6003F5AD195388D20070C39A /* CATNavigationController_Tests */ = {
			isa = PBXNativeTarget;
			buildConfigurationList = 6003F5C2195388D20070C39A /* Build configuration list for PBXNativeTarget "CATNavigationController_Tests" */;
			buildPhases = (
				07323CFD98F27DA90A7C8FBB /* [CP] Check Pods Manifest.lock */,
				EA9C45464E9DFC393E7B9E44 /* [CP] Check Pods Manifest.lock */,
				6003F5AA195388D20070C39A /* Sources */,
				6003F5AB195388D20070C39A /* Frameworks */,
				6003F5AC195388D20070C39A /* Resources */,
				2EA26C8E6CF5D1660795FF7B /* [CP] Embed Pods Frameworks */,
				47D790697C949CF09035FB56 /* [CP] Copy Pods Resources */,
				2D7719648D0161FFC5B4BA7B /* 📦 Embed Pods Frameworks */,
				1BCA152B6EC81FA9F30ECCDE /* 📦 Copy Pods Resources */,
			);
			buildRules = (
			);
			dependencies = (
				6003F5B4195388D20070C39A /* PBXTargetDependency */,
			);
			name = CATNavigationController_Tests;
			productName = CATNavigationControllerTests;
			productReference = 6003F5AE195388D20070C39A /* CATNavigationController_Tests.xctest */;
			productType = "com.apple.product-type.bundle.unit-test";
		};
/* End PBXNativeTarget section */

/* Begin PBXProject section */
		6003F582195388D10070C39A /* Project object */ = {
			isa = PBXProject;
			attributes = {
				CLASSPREFIX = CAT;
				LastUpgradeCheck = 0720;
				ORGANIZATIONNAME = lbencs;
				TargetAttributes = {
					6003F589195388D20070C39A = {
						DevelopmentTeam = 8J45U9R8VX;
					};
					6003F5AD195388D20070C39A = {
						TestTargetID = 6003F589195388D20070C39A;
					};
				};
			};
			buildConfigurationList = 6003F585195388D10070C39A /* Build configuration list for PBXProject "CATNavigationController" */;
			compatibilityVersion = "Xcode 3.2";
			developmentRegion = English;
			hasScannedForEncodings = 0;
			knownRegions = (
				en,
				Base,
			);
			mainGroup = 6003F581195388D10070C39A;
			productRefGroup = 6003F58B195388D20070C39A /* Products */;
			projectDirPath = "";
			projectRoot = "";
			targets = (
				6003F589195388D20070C39A /* CATNavigationController_Example */,
				6003F5AD195388D20070C39A /* CATNavigationController_Tests */,
			);
		};
/* End PBXProject section */

/* Begin PBXResourcesBuildPhase section */
		6003F588195388D20070C39A /* Resources */ = {
			isa = PBXResourcesBuildPhase;
			buildActionMask = 2147483647;
			files = (
				873B8AEB1B1F5CCA007FD442 /* Main.storyboard in Resources */,
				BDA0467B1D127701000F3B61 /* LaunchScreen.storyboard in Resources */,
				6003F5A9195388D20070C39A /* Images.xcassets in Resources */,
				6003F598195388D20070C39A /* InfoPlist.strings in Resources */,
			);
			runOnlyForDeploymentPostprocessing = 0;
		};
		6003F5AC195388D20070C39A /* Resources */ = {
			isa = PBXResourcesBuildPhase;
			buildActionMask = 2147483647;
			files = (
				6003F5BA195388D20070C39A /* InfoPlist.strings in Resources */,
			);
			runOnlyForDeploymentPostprocessing = 0;
		};
/* End PBXResourcesBuildPhase section */

/* Begin PBXShellScriptBuildPhase section */
		07323CFD98F27DA90A7C8FBB /* [CP] Check Pods Manifest.lock */ = {
			isa = PBXShellScriptBuildPhase;
			buildActionMask = 2147483647;
			files = (
			);
			inputPaths = (
			);
			name = "[CP] Check Pods Manifest.lock";
			outputPaths = (
			);
			runOnlyForDeploymentPostprocessing = 0;
			shellPath = /bin/sh;
			shellScript = "diff \"${PODS_ROOT}/../Podfile.lock\" \"${PODS_ROOT}/Manifest.lock\" > /dev/null\nif [[ $? != 0 ]] ; then\n    cat << EOM\nerror: The sandbox is not in sync with the Podfile.lock. Run 'pod install' or update your CocoaPods installation.\nEOM\n    exit 1\nfi\n";
			showEnvVarsInLog = 0;
		};
		0BE2C678112E20D246405173 /* [CP] Embed Pods Frameworks */ = {
			isa = PBXShellScriptBuildPhase;
			buildActionMask = 2147483647;
			files = (
			);
			inputPaths = (
			);
			name = "[CP] Embed Pods Frameworks";
			outputPaths = (
			);
			runOnlyForDeploymentPostprocessing = 0;
			shellPath = /bin/sh;
			shellScript = "\"${SRCROOT}/Pods/Target Support Files/Pods-CATNavigationController_Example/Pods-CATNavigationController_Example-frameworks.sh\"\n";
			showEnvVarsInLog = 0;
		};
		1BCA152B6EC81FA9F30ECCDE /* 📦 Copy Pods Resources */ = {
			isa = PBXShellScriptBuildPhase;
			buildActionMask = 2147483647;
			files = (
			);
			inputPaths = (
			);
			name = "📦 Copy Pods Resources";
			outputPaths = (
			);
			runOnlyForDeploymentPostprocessing = 0;
			shellPath = /bin/sh;
			shellScript = "\"${SRCROOT}/Pods/Target Support Files/Pods-CATNavigationController_Tests/Pods-CATNavigationController_Tests-resources.sh\"\n";
			showEnvVarsInLog = 0;
		};
		2D7719648D0161FFC5B4BA7B /* 📦 Embed Pods Frameworks */ = {
			isa = PBXShellScriptBuildPhase;
			buildActionMask = 2147483647;
			files = (
			);
			inputPaths = (
			);
			name = "📦 Embed Pods Frameworks";
			outputPaths = (
			);
			runOnlyForDeploymentPostprocessing = 0;
			shellPath = /bin/sh;
			shellScript = "\"${SRCROOT}/Pods/Target Support Files/Pods-CATNavigationController_Tests/Pods-CATNavigationController_Tests-frameworks.sh\"\n";
			showEnvVarsInLog = 0;
		};
		2EA26C8E6CF5D1660795FF7B /* [CP] Embed Pods Frameworks */ = {
			isa = PBXShellScriptBuildPhase;
			buildActionMask = 2147483647;
			files = (
			);
			inputPaths = (
			);
			name = "[CP] Embed Pods Frameworks";
			outputPaths = (
			);
			runOnlyForDeploymentPostprocessing = 0;
			shellPath = /bin/sh;
			shellScript = "\"${SRCROOT}/Pods/Target Support Files/Pods-CATNavigationController_Tests/Pods-CATNavigationController_Tests-frameworks.sh\"\n";
			showEnvVarsInLog = 0;
		};
		452EA594E3EC0FCE1F179141 /* 📦 Copy Pods Resources */ = {
			isa = PBXShellScriptBuildPhase;
			buildActionMask = 2147483647;
			files = (
			);
			inputPaths = (
			);
			name = "📦 Copy Pods Resources";
			outputPaths = (
			);
			runOnlyForDeploymentPostprocessing = 0;
			shellPath = /bin/sh;
			shellScript = "\"${SRCROOT}/Pods/Target Support Files/Pods-CATNavigationController_Example/Pods-CATNavigationController_Example-resources.sh\"\n";
			showEnvVarsInLog = 0;
		};
		47D790697C949CF09035FB56 /* [CP] Copy Pods Resources */ = {
			isa = PBXShellScriptBuildPhase;
			buildActionMask = 2147483647;
			files = (
			);
			inputPaths = (
			);
			name = "[CP] Copy Pods Resources";
			outputPaths = (
			);
			runOnlyForDeploymentPostprocessing = 0;
			shellPath = /bin/sh;
			shellScript = "\"${SRCROOT}/Pods/Target Support Files/Pods-CATNavigationController_Tests/Pods-CATNavigationController_Tests-resources.sh\"\n";
			showEnvVarsInLog = 0;
		};
		7ADA571C8521DCC04BDD5A0B /* [CP] Check Pods Manifest.lock */ = {
			isa = PBXShellScriptBuildPhase;
			buildActionMask = 2147483647;
			files = (
			);
			inputPaths = (
			);
			name = "[CP] Check Pods Manifest.lock";
			outputPaths = (
			);
			runOnlyForDeploymentPostprocessing = 0;
			shellPath = /bin/sh;
			shellScript = "diff \"${PODS_ROOT}/../Podfile.lock\" \"${PODS_ROOT}/Manifest.lock\" > /dev/null\nif [[ $? != 0 ]] ; then\n    cat << EOM\nerror: The sandbox is not in sync with the Podfile.lock. Run 'pod install' or update your CocoaPods installation.\nEOM\n    exit 1\nfi\n";
			showEnvVarsInLog = 0;
		};
		DFBEDEB3A099F42C9F9337B4 /* 📦 Embed Pods Frameworks */ = {
			isa = PBXShellScriptBuildPhase;
			buildActionMask = 2147483647;
			files = (
			);
			inputPaths = (
			);
			name = "📦 Embed Pods Frameworks";
			outputPaths = (
			);
			runOnlyForDeploymentPostprocessing = 0;
			shellPath = /bin/sh;
			shellScript = "\"${SRCROOT}/Pods/Target Support Files/Pods-CATNavigationController_Example/Pods-CATNavigationController_Example-frameworks.sh\"\n";
			showEnvVarsInLog = 0;
		};
		E9765722566F2A76D82D8631 /* [CP] Check Pods Manifest.lock */ = {
			isa = PBXShellScriptBuildPhase;
			buildActionMask = 2147483647;
			files = (
			);
			inputPaths = (
			);
			name = "[CP] Check Pods Manifest.lock";
			outputPaths = (
			);
			runOnlyForDeploymentPostprocessing = 0;
			shellPath = /bin/sh;
			shellScript = "diff \"${PODS_ROOT}/../Podfile.lock\" \"${PODS_ROOT}/Manifest.lock\" > /dev/null\nif [[ $? != 0 ]] ; then\n    cat << EOM\nerror: The sandbox is not in sync with the Podfile.lock. Run 'pod install' or update your CocoaPods installation.\nEOM\n    exit 1\nfi\n";
			showEnvVarsInLog = 0;
		};
		EA9C45464E9DFC393E7B9E44 /* [CP] Check Pods Manifest.lock */ = {
			isa = PBXShellScriptBuildPhase;
			buildActionMask = 2147483647;
			files = (
			);
			inputPaths = (
			);
			name = "[CP] Check Pods Manifest.lock";
			outputPaths = (
			);
			runOnlyForDeploymentPostprocessing = 0;
			shellPath = /bin/sh;
			shellScript = "diff \"${PODS_ROOT}/../Podfile.lock\" \"${PODS_ROOT}/Manifest.lock\" > /dev/null\nif [[ $? != 0 ]] ; then\n    cat << EOM\nerror: The sandbox is not in sync with the Podfile.lock. Run 'pod install' or update your CocoaPods installation.\nEOM\n    exit 1\nfi\n";
			showEnvVarsInLog = 0;
		};
		FF74533D08B5C291B4146806 /* [CP] Copy Pods Resources */ = {
			isa = PBXShellScriptBuildPhase;
			buildActionMask = 2147483647;
			files = (
			);
			inputPaths = (
			);
			name = "[CP] Copy Pods Resources";
			outputPaths = (
			);
			runOnlyForDeploymentPostprocessing = 0;
			shellPath = /bin/sh;
			shellScript = "\"${SRCROOT}/Pods/Target Support Files/Pods-CATNavigationController_Example/Pods-CATNavigationController_Example-resources.sh\"\n";
			showEnvVarsInLog = 0;
		};
/* End PBXShellScriptBuildPhase section */

/* Begin PBXSourcesBuildPhase section */
		6003F586195388D20070C39A /* Sources */ = {
			isa = PBXSourcesBuildPhase;
			buildActionMask = 2147483647;
			files = (
				6003F59E195388D20070C39A /* CATAppDelegate.m in Sources */,
				550CDE6B1D5B6821002EAADA /* CATChildHorizontalCollectionViewController.m in Sources */,
				BDA046761D1269B9000F3B61 /* CATDogChildViewController.m in Sources */,
				6003F5A7195388D20070C39A /* CATViewController.m in Sources */,
				BDD321761D507E2F00275478 /* CATChildCollectionViewController.m in Sources */,
				BDD321731D50714C00275478 /* CATChildTableViewController.m in Sources */,
				554C8B101D50319D007187C1 /* CATCustomTableViewController.m in Sources */,
				BDA97D5B1D11480000CA862A /* CATCatTableViewController.m in Sources */,
				BDD321791D50876000275478 /* CATChildWebViewController.m in Sources */,
				6003F59A195388D20070C39A /* main.m in Sources */,
				BDA97D581D11462C00CA862A /* CATDogTabViewController.m in Sources */,
				554C8B131D5036E2007187C1 /* CATCustomChildViewController.m in Sources */,
				BDA046791D127594000F3B61 /* CATChildViewController.m in Sources */,
			);
			runOnlyForDeploymentPostprocessing = 0;
		};
		6003F5AA195388D20070C39A /* Sources */ = {
			isa = PBXSourcesBuildPhase;
			buildActionMask = 2147483647;
			files = (
				6003F5BC195388D20070C39A /* Tests.m in Sources */,
			);
			runOnlyForDeploymentPostprocessing = 0;
		};
/* End PBXSourcesBuildPhase section */

/* Begin PBXTargetDependency section */
		6003F5B4195388D20070C39A /* PBXTargetDependency */ = {
			isa = PBXTargetDependency;
			target = 6003F589195388D20070C39A /* CATNavigationController_Example */;
			targetProxy = 6003F5B3195388D20070C39A /* PBXContainerItemProxy */;
		};
/* End PBXTargetDependency section */

/* Begin PBXVariantGroup section */
		6003F596195388D20070C39A /* InfoPlist.strings */ = {
			isa = PBXVariantGroup;
			children = (
				6003F597195388D20070C39A /* en */,
			);
			name = InfoPlist.strings;
			sourceTree = "<group>";
		};
		6003F5B8195388D20070C39A /* InfoPlist.strings */ = {
			isa = PBXVariantGroup;
			children = (
				6003F5B9195388D20070C39A /* en */,
			);
			name = InfoPlist.strings;
			sourceTree = "<group>";
		};
/* End PBXVariantGroup section */

/* Begin XCBuildConfiguration section */
		6003F5BD195388D20070C39A /* Debug */ = {
			isa = XCBuildConfiguration;
			buildSettings = {
				ALWAYS_SEARCH_USER_PATHS = NO;
				CLANG_CXX_LANGUAGE_STANDARD = "gnu++0x";
				CLANG_CXX_LIBRARY = "libc++";
				CLANG_ENABLE_MODULES = YES;
				CLANG_ENABLE_OBJC_ARC = YES;
				CLANG_WARN_BOOL_CONVERSION = YES;
				CLANG_WARN_CONSTANT_CONVERSION = YES;
				CLANG_WARN_DIRECT_OBJC_ISA_USAGE = YES_ERROR;
				CLANG_WARN_EMPTY_BODY = YES;
				CLANG_WARN_ENUM_CONVERSION = YES;
				CLANG_WARN_INT_CONVERSION = YES;
				CLANG_WARN_OBJC_ROOT_CLASS = YES_ERROR;
				CLANG_WARN__DUPLICATE_METHOD_MATCH = YES;
				"CODE_SIGN_IDENTITY[sdk=iphoneos*]" = "iPhone Developer";
				COPY_PHASE_STRIP = NO;
				ENABLE_TESTABILITY = YES;
				GCC_C_LANGUAGE_STANDARD = gnu99;
				GCC_DYNAMIC_NO_PIC = NO;
				GCC_OPTIMIZATION_LEVEL = 0;
				GCC_PREPROCESSOR_DEFINITIONS = (
					"DEBUG=1",
					"$(inherited)",
				);
				GCC_SYMBOLS_PRIVATE_EXTERN = NO;
				GCC_WARN_64_TO_32_BIT_CONVERSION = YES;
				GCC_WARN_ABOUT_RETURN_TYPE = YES_ERROR;
				GCC_WARN_UNDECLARED_SELECTOR = YES;
				GCC_WARN_UNINITIALIZED_AUTOS = YES_AGGRESSIVE;
				GCC_WARN_UNUSED_FUNCTION = YES;
				GCC_WARN_UNUSED_VARIABLE = YES;
				IPHONEOS_DEPLOYMENT_TARGET = 7.0;
				ONLY_ACTIVE_ARCH = YES;
				SDKROOT = iphoneos;
				TARGETED_DEVICE_FAMILY = "1,2";
			};
			name = Debug;
		};
		6003F5BE195388D20070C39A /* Release */ = {
			isa = XCBuildConfiguration;
			buildSettings = {
				ALWAYS_SEARCH_USER_PATHS = NO;
				CLANG_CXX_LANGUAGE_STANDARD = "gnu++0x";
				CLANG_CXX_LIBRARY = "libc++";
				CLANG_ENABLE_MODULES = YES;
				CLANG_ENABLE_OBJC_ARC = YES;
				CLANG_WARN_BOOL_CONVERSION = YES;
				CLANG_WARN_CONSTANT_CONVERSION = YES;
				CLANG_WARN_DIRECT_OBJC_ISA_USAGE = YES_ERROR;
				CLANG_WARN_EMPTY_BODY = YES;
				CLANG_WARN_ENUM_CONVERSION = YES;
				CLANG_WARN_INT_CONVERSION = YES;
				CLANG_WARN_OBJC_ROOT_CLASS = YES_ERROR;
				CLANG_WARN__DUPLICATE_METHOD_MATCH = YES;
				"CODE_SIGN_IDENTITY[sdk=iphoneos*]" = "iPhone Developer";
				COPY_PHASE_STRIP = YES;
				ENABLE_NS_ASSERTIONS = NO;
				GCC_C_LANGUAGE_STANDARD = gnu99;
				GCC_WARN_64_TO_32_BIT_CONVERSION = YES;
				GCC_WARN_ABOUT_RETURN_TYPE = YES_ERROR;
				GCC_WARN_UNDECLARED_SELECTOR = YES;
				GCC_WARN_UNINITIALIZED_AUTOS = YES_AGGRESSIVE;
				GCC_WARN_UNUSED_FUNCTION = YES;
				GCC_WARN_UNUSED_VARIABLE = YES;
				IPHONEOS_DEPLOYMENT_TARGET = 7.0;
				SDKROOT = iphoneos;
				TARGETED_DEVICE_FAMILY = "1,2";
				VALIDATE_PRODUCT = YES;
			};
			name = Release;
		};
		6003F5C0195388D20070C39A /* Debug */ = {
			isa = XCBuildConfiguration;
			baseConfigurationReference = A4EA8F093C61DA2834738AF4 /* Pods-CATNavigationController_Example.debug.xcconfig */;
			buildSettings = {
				ASSETCATALOG_COMPILER_APPICON_NAME = AppIcon;
				ASSETCATALOG_COMPILER_LAUNCHIMAGE_NAME = LaunchImage;
				CODE_SIGN_IDENTITY = "iPhone Developer";
				"CODE_SIGN_IDENTITY[sdk=iphoneos*]" = "iPhone Developer";
				GCC_PRECOMPILE_PREFIX_HEADER = YES;
				GCC_PREFIX_HEADER = "CATNavigationController/CATNavigationController-Prefix.pch";
				INFOPLIST_FILE = "CATNavigationController/CATNavigationController-Info.plist";
				IPHONEOS_DEPLOYMENT_TARGET = 7.0;
				MODULE_NAME = ExampleApp;
				PRODUCT_BUNDLE_IDENTIFIER = "com.acctrsf.CATNavigationController-Example";
				PRODUCT_NAME = "$(TARGET_NAME)";
				PROVISIONING_PROFILE = "";
				TARGETED_DEVICE_FAMILY = 1;
				WRAPPER_EXTENSION = app;
			};
			name = Debug;
		};
		6003F5C1195388D20070C39A /* Release */ = {
			isa = XCBuildConfiguration;
			baseConfigurationReference = 969EAFFB920A98ED11B7153F /* Pods-CATNavigationController_Example.release.xcconfig */;
			buildSettings = {
				ASSETCATALOG_COMPILER_APPICON_NAME = AppIcon;
				ASSETCATALOG_COMPILER_LAUNCHIMAGE_NAME = LaunchImage;
				CODE_SIGN_IDENTITY = "iPhone Developer";
				"CODE_SIGN_IDENTITY[sdk=iphoneos*]" = "iPhone Developer";
				GCC_PRECOMPILE_PREFIX_HEADER = YES;
				GCC_PREFIX_HEADER = "CATNavigationController/CATNavigationController-Prefix.pch";
				INFOPLIST_FILE = "CATNavigationController/CATNavigationController-Info.plist";
				IPHONEOS_DEPLOYMENT_TARGET = 7.0;
				MODULE_NAME = ExampleApp;
				PRODUCT_BUNDLE_IDENTIFIER = "com.acctrsf.CATNavigationController-Example";
				PRODUCT_NAME = "$(TARGET_NAME)";
				PROVISIONING_PROFILE = "";
				TARGETED_DEVICE_FAMILY = 1;
				WRAPPER_EXTENSION = app;
			};
			name = Release;
		};
		6003F5C3195388D20070C39A /* Debug */ = {
			isa = XCBuildConfiguration;
			baseConfigurationReference = D34D1F1822AC109E5E7A461F /* Pods-CATNavigationController_Tests.debug.xcconfig */;
			buildSettings = {
				BUNDLE_LOADER = "$(TEST_HOST)";
				FRAMEWORK_SEARCH_PATHS = (
					"$(SDKROOT)/Developer/Library/Frameworks",
					"$(inherited)",
					"$(DEVELOPER_FRAMEWORKS_DIR)",
				);
				GCC_PRECOMPILE_PREFIX_HEADER = YES;
				GCC_PREFIX_HEADER = "Tests/Tests-Prefix.pch";
				GCC_PREPROCESSOR_DEFINITIONS = (
					"DEBUG=1",
					"$(inherited)",
				);
				INFOPLIST_FILE = "Tests/Tests-Info.plist";
				PRODUCT_BUNDLE_IDENTIFIER = "org.cocoapods.demo.${PRODUCT_NAME:rfc1034identifier}";
				PRODUCT_NAME = "$(TARGET_NAME)";
				TEST_HOST = "$(BUILT_PRODUCTS_DIR)/CATNavigationController_Example.app/CATNavigationController_Example";
				WRAPPER_EXTENSION = xctest;
			};
			name = Debug;
		};
		6003F5C4195388D20070C39A /* Release */ = {
			isa = XCBuildConfiguration;
			baseConfigurationReference = B60FF063B9DA101AF3C64103 /* Pods-CATNavigationController_Tests.release.xcconfig */;
			buildSettings = {
				BUNDLE_LOADER = "$(TEST_HOST)";
				FRAMEWORK_SEARCH_PATHS = (
					"$(SDKROOT)/Developer/Library/Frameworks",
					"$(inherited)",
					"$(DEVELOPER_FRAMEWORKS_DIR)",
				);
				GCC_PRECOMPILE_PREFIX_HEADER = YES;
				GCC_PREFIX_HEADER = "Tests/Tests-Prefix.pch";
				INFOPLIST_FILE = "Tests/Tests-Info.plist";
				PRODUCT_BUNDLE_IDENTIFIER = "org.cocoapods.demo.${PRODUCT_NAME:rfc1034identifier}";
				PRODUCT_NAME = "$(TARGET_NAME)";
				TEST_HOST = "$(BUILT_PRODUCTS_DIR)/CATNavigationController_Example.app/CATNavigationController_Example";
				WRAPPER_EXTENSION = xctest;
			};
			name = Release;
		};
/* End XCBuildConfiguration section */

/* Begin XCConfigurationList section */
		6003F585195388D10070C39A /* Build configuration list for PBXProject "CATNavigationController" */ = {
			isa = XCConfigurationList;
			buildConfigurations = (
				6003F5BD195388D20070C39A /* Debug */,
				6003F5BE195388D20070C39A /* Release */,
			);
			defaultConfigurationIsVisible = 0;
			defaultConfigurationName = Release;
		};
		6003F5BF195388D20070C39A /* Build configuration list for PBXNativeTarget "CATNavigationController_Example" */ = {
			isa = XCConfigurationList;
			buildConfigurations = (
				6003F5C0195388D20070C39A /* Debug */,
				6003F5C1195388D20070C39A /* Release */,
			);
			defaultConfigurationIsVisible = 0;
			defaultConfigurationName = Release;
		};
		6003F5C2195388D20070C39A /* Build configuration list for PBXNativeTarget "CATNavigationController_Tests" */ = {
			isa = XCConfigurationList;
			buildConfigurations = (
				6003F5C3195388D20070C39A /* Debug */,
				6003F5C4195388D20070C39A /* Release */,
			);
			defaultConfigurationIsVisible = 0;
			defaultConfigurationName = Release;
		};
/* End XCConfigurationList section */
	};
	rootObject = 6003F582195388D10070C39A /* Project object */;
}
